
Microsoft Visual Studio Solution File, Format Version 12.00
# Visual Studio 15
VisualStudioVersion = 15.0.28307.329
MinimumVisualStudioVersion = 10.0.40219.1
Project("{FAE04EC0-301F-11D3-BF4B-00C04F79EFBC}") = "dice challenge", "dice challenge\dice challenge.csproj", "{391560D8-9B18-4B97-8E02-496BA8C0888F}"
EndProject
Global
	GlobalSection(SolutionConfigurationPlatforms) = preSolution
		Debug|Any CPU = Debug|Any CPU
		Release|Any CPU = Release|Any CPU
	EndGlobalSection
	GlobalSection(ProjectConfigurationPlatforms) = postSolution
		{391560D8-9B18-4B97-8E02-496BA8C0888F}.Debug|Any CPU.ActiveCfg = Debug|Any CPU
		{391560D8-9B18-4B97-8E02-496BA8C0888F}.Debug|Any CPU.Build.0 = Debug|Any CPU
		{391560D8-9B18-4B97-8E02-496BA8C0888F}.Release|Any CPU.ActiveCfg = Release|Any CPU
		{391560D8-9B18-4B97-8E02-496BA8C0888F}.Release|Any CPU.Build.0 = Release|Any CPU
	EndGlobalSection
	GlobalSection(SolutionProperties) = preSolution
		HideSolutionNode = FALSE
	EndGlobalSection
	GlobalSection(ExtensibilityGlobals) = postSolution
		SolutionGuid = {62820456-6E79-4C8A-BAB7-682C620D7C8A}
	EndGlobalSection
EndGlobal
